
Microsoft Visual Studio Solution File, Format Version 12.00
# Visual Studio Version 17
VisualStudioVersion = 17.0.31903.59
MinimumVisualStudioVersion = 10.0.40219.1
Project("{FAE04EC0-301F-11D3-BF4B-00C04F79EFBC}") = "Workflow", "Workflow\Workflow.csproj", "{35A1E339-8371-48CD-B1C5-F88022E300C6}"
EndProject
Project("{FAE04EC0-301F-11D3-BF4B-00C04F79EFBC}") = "Worker", "Worker\Worker.csproj", "{0CEC233E-B34E-4903-A3DA-96B5D3F6CEEA}"
EndProject
Project("{FAE04EC0-301F-11D3-BF4B-00C04F79EFBC}") = "Client", "Client\Client.csproj", "{7B9D8126-BD73-4641-8E5D-49855BA1C211}"
EndProject
Project("{FAE04EC0-301F-11D3-BF4B-00C04F79EFBC}") = "OrderService", "OrderService\OrderService.csproj", "{0C07B473-3836-4DB3-8B98-F9BC8D53D6D4}"
EndProject
Project("{2150E333-8FDC-42A3-9474-1A3956D46DE8}") = "MicroServices", "MicroServices", "{615CDE64-D796-477C-BB05-4F95659C09C6}"
EndProject
Project("{FAE04EC0-301F-11D3-BF4B-00C04F79EFBC}") = "PaymentService", "PaymentService\PaymentService.csproj", "{B2D41977-33EC-4BB0-A6DF-20CC0BEDB978}"
EndProject
Project("{FAE04EC0-301F-11D3-BF4B-00C04F79EFBC}") = "InventoryService", "InventoryService\InventoryService.csproj", "{EED6A191-CBC3-4C88-9E4B-C437B2BE23D4}"
EndProject
Project("{FAE04EC0-301F-11D3-BF4B-00C04F79EFBC}") = "DeliveryService", "DeliveryService\DeliveryService.csproj", "{3A7F4EFD-7BC7-478D-980C-8FDD2F7D63B0}"
EndProject
Project("{FAE04EC0-301F-11D3-BF4B-00C04F79EFBC}") = "Shared.Contracts", "Shared.Contracts\Shared.Contracts.csproj", "{B0DD2FEB-18CC-402B-9B75-949291FE3E66}"
EndProject
Global
	GlobalSection(SolutionConfigurationPlatforms) = preSolution
		Debug|Any CPU = Debug|Any CPU
		Debug|x64 = Debug|x64
		Debug|x86 = Debug|x86
		Release|Any CPU = Release|Any CPU
		Release|x64 = Release|x64
		Release|x86 = Release|x86
	EndGlobalSection
	GlobalSection(ProjectConfigurationPlatforms) = postSolution
		{35A1E339-8371-48CD-B1C5-F88022E300C6}.Debug|Any CPU.ActiveCfg = Debug|Any CPU
		{35A1E339-8371-48CD-B1C5-F88022E300C6}.Debug|Any CPU.Build.0 = Debug|Any CPU
		{35A1E339-8371-48CD-B1C5-F88022E300C6}.Debug|x64.ActiveCfg = Debug|Any CPU
		{35A1E339-8371-48CD-B1C5-F88022E300C6}.Debug|x64.Build.0 = Debug|Any CPU
		{35A1E339-8371-48CD-B1C5-F88022E300C6}.Debug|x86.ActiveCfg = Debug|Any CPU
		{35A1E339-8371-48CD-B1C5-F88022E300C6}.Debug|x86.Build.0 = Debug|Any CPU
		{35A1E339-8371-48CD-B1C5-F88022E300C6}.Release|Any CPU.ActiveCfg = Release|Any CPU
		{35A1E339-8371-48CD-B1C5-F88022E300C6}.Release|Any CPU.Build.0 = Release|Any CPU
		{35A1E339-8371-48CD-B1C5-F88022E300C6}.Release|x64.ActiveCfg = Release|Any CPU
		{35A1E339-8371-48CD-B1C5-F88022E300C6}.Release|x64.Build.0 = Release|Any CPU
		{35A1E339-8371-48CD-B1C5-F88022E300C6}.Release|x86.ActiveCfg = Release|Any CPU
		{35A1E339-8371-48CD-B1C5-F88022E300C6}.Release|x86.Build.0 = Release|Any CPU
		{0CEC233E-B34E-4903-A3DA-96B5D3F6CEEA}.Debug|Any CPU.ActiveCfg = Debug|Any CPU
		{0CEC233E-B34E-4903-A3DA-96B5D3F6CEEA}.Debug|Any CPU.Build.0 = Debug|Any CPU
		{0CEC233E-B34E-4903-A3DA-96B5D3F6CEEA}.Debug|x64.ActiveCfg = Debug|Any CPU
		{0CEC233E-B34E-4903-A3DA-96B5D3F6CEEA}.Debug|x64.Build.0 = Debug|Any CPU
		{0CEC233E-B34E-4903-A3DA-96B5D3F6CEEA}.Debug|x86.ActiveCfg = Debug|Any CPU
		{0CEC233E-B34E-4903-A3DA-96B5D3F6CEEA}.Debug|x86.Build.0 = Debug|Any CPU
		{0CEC233E-B34E-4903-A3DA-96B5D3F6CEEA}.Release|Any CPU.ActiveCfg = Release|Any CPU
		{0CEC233E-B34E-4903-A3DA-96B5D3F6CEEA}.Release|Any CPU.Build.0 = Release|Any CPU
		{0CEC233E-B34E-4903-A3DA-96B5D3F6CEEA}.Release|x64.ActiveCfg = Release|Any CPU
		{0CEC233E-B34E-4903-A3DA-96B5D3F6CEEA}.Release|x64.Build.0 = Release|Any CPU
		{0CEC233E-B34E-4903-A3DA-96B5D3F6CEEA}.Release|x86.ActiveCfg = Release|Any CPU
		{0CEC233E-B34E-4903-A3DA-96B5D3F6CEEA}.Release|x86.Build.0 = Release|Any CPU
		{7B9D8126-BD73-4641-8E5D-49855BA1C211}.Debug|Any CPU.ActiveCfg = Debug|Any CPU
		{7B9D8126-BD73-4641-8E5D-49855BA1C211}.Debug|Any CPU.Build.0 = Debug|Any CPU
		{7B9D8126-BD73-4641-8E5D-49855BA1C211}.Debug|x64.ActiveCfg = Debug|Any CPU
		{7B9D8126-BD73-4641-8E5D-49855BA1C211}.Debug|x64.Build.0 = Debug|Any CPU
		{7B9D8126-BD73-4641-8E5D-49855BA1C211}.Debug|x86.ActiveCfg = Debug|Any CPU
		{7B9D8126-BD73-4641-8E5D-49855BA1C211}.Debug|x86.Build.0 = Debug|Any CPU
		{7B9D8126-BD73-4641-8E5D-49855BA1C211}.Release|Any CPU.ActiveCfg = Release|Any CPU
		{7B9D8126-BD73-4641-8E5D-49855BA1C211}.Release|Any CPU.Build.0 = Release|Any CPU
		{7B9D8126-BD73-4641-8E5D-49855BA1C211}.Release|x64.ActiveCfg = Release|Any CPU
		{7B9D8126-BD73-4641-8E5D-49855BA1C211}.Release|x64.Build.0 = Release|Any CPU
		{7B9D8126-BD73-4641-8E5D-49855BA1C211}.Release|x86.ActiveCfg = Release|Any CPU
		{7B9D8126-BD73-4641-8E5D-49855BA1C211}.Release|x86.Build.0 = Release|Any CPU
		{0C07B473-3836-4DB3-8B98-F9BC8D53D6D4}.Debug|Any CPU.ActiveCfg = Debug|Any CPU
		{0C07B473-3836-4DB3-8B98-F9BC8D53D6D4}.Debug|Any CPU.Build.0 = Debug|Any CPU
		{0C07B473-3836-4DB3-8B98-F9BC8D53D6D4}.Debug|x64.ActiveCfg = Debug|Any CPU
		{0C07B473-3836-4DB3-8B98-F9BC8D53D6D4}.Debug|x64.Build.0 = Debug|Any CPU
		{0C07B473-3836-4DB3-8B98-F9BC8D53D6D4}.Debug|x86.ActiveCfg = Debug|Any CPU
		{0C07B473-3836-4DB3-8B98-F9BC8D53D6D4}.Debug|x86.Build.0 = Debug|Any CPU
		{0C07B473-3836-4DB3-8B98-F9BC8D53D6D4}.Release|Any CPU.ActiveCfg = Release|Any CPU
		{0C07B473-3836-4DB3-8B98-F9BC8D53D6D4}.Release|Any CPU.Build.0 = Release|Any CPU
		{0C07B473-3836-4DB3-8B98-F9BC8D53D6D4}.Release|x64.ActiveCfg = Release|Any CPU
		{0C07B473-3836-4DB3-8B98-F9BC8D53D6D4}.Release|x64.Build.0 = Release|Any CPU
		{0C07B473-3836-4DB3-8B98-F9BC8D53D6D4}.Release|x86.ActiveCfg = Release|Any CPU
		{0C07B473-3836-4DB3-8B98-F9BC8D53D6D4}.Release|x86.Build.0 = Release|Any CPU
		{B2D41977-33EC-4BB0-A6DF-20CC0BEDB978}.Debug|Any CPU.ActiveCfg = Debug|Any CPU
		{B2D41977-33EC-4BB0-A6DF-20CC0BEDB978}.Debug|Any CPU.Build.0 = Debug|Any CPU
		{B2D41977-33EC-4BB0-A6DF-20CC0BEDB978}.Debug|x64.ActiveCfg = Debug|Any CPU
		{B2D41977-33EC-4BB0-A6DF-20CC0BEDB978}.Debug|x64.Build.0 = Debug|Any CPU
		{B2D41977-33EC-4BB0-A6DF-20CC0BEDB978}.Debug|x86.ActiveCfg = Debug|Any CPU
		{B2D41977-33EC-4BB0-A6DF-20CC0BEDB978}.Debug|x86.Build.0 = Debug|Any CPU
		{B2D41977-33EC-4BB0-A6DF-20CC0BEDB978}.Release|Any CPU.ActiveCfg = Release|Any CPU
		{B2D41977-33EC-4BB0-A6DF-20CC0BEDB978}.Release|Any CPU.Build.0 = Release|Any CPU
		{B2D41977-33EC-4BB0-A6DF-20CC0BEDB978}.Release|x64.ActiveCfg = Release|Any CPU
		{B2D41977-33EC-4BB0-A6DF-20CC0BEDB978}.Release|x64.Build.0 = Release|Any CPU
		{B2D41977-33EC-4BB0-A6DF-20CC0BEDB978}.Release|x86.ActiveCfg = Release|Any CPU
		{B2D41977-33EC-4BB0-A6DF-20CC0BEDB978}.Release|x86.Build.0 = Release|Any CPU
		{EED6A191-CBC3-4C88-9E4B-C437B2BE23D4}.Debug|Any CPU.ActiveCfg = Debug|Any CPU
		{EED6A191-CBC3-4C88-9E4B-C437B2BE23D4}.Debug|Any CPU.Build.0 = Debug|Any CPU
		{EED6A191-CBC3-4C88-9E4B-C437B2BE23D4}.Debug|x64.ActiveCfg = Debug|Any CPU
		{EED6A191-CBC3-4C88-9E4B-C437B2BE23D4}.Debug|x64.Build.0 = Debug|Any CPU
		{EED6A191-CBC3-4C88-9E4B-C437B2BE23D4}.Debug|x86.ActiveCfg = Debug|Any CPU
		{EED6A191-CBC3-4C88-9E4B-C437B2BE23D4}.Debug|x86.Build.0 = Debug|Any CPU
		{EED6A191-CBC3-4C88-9E4B-C437B2BE23D4}.Release|Any CPU.ActiveCfg = Release|Any CPU
		{EED6A191-CBC3-4C88-9E4B-C437B2BE23D4}.Release|Any CPU.Build.0 = Release|Any CPU
		{EED6A191-CBC3-4C88-9E4B-C437B2BE23D4}.Release|x64.ActiveCfg = Release|Any CPU
		{EED6A191-CBC3-4C88-9E4B-C437B2BE23D4}.Release|x64.Build.0 = Release|Any CPU
		{EED6A191-CBC3-4C88-9E4B-C437B2BE23D4}.Release|x86.ActiveCfg = Release|Any CPU
		{EED6A191-CBC3-4C88-9E4B-C437B2BE23D4}.Release|x86.Build.0 = Release|Any CPU
		{3A7F4EFD-7BC7-478D-980C-8FDD2F7D63B0}.Debug|Any CPU.ActiveCfg = Debug|Any CPU
		{3A7F4EFD-7BC7-478D-980C-8FDD2F7D63B0}.Debug|Any CPU.Build.0 = Debug|Any CPU
		{3A7F4EFD-7BC7-478D-980C-8FDD2F7D63B0}.Debug|x64.ActiveCfg = Debug|Any CPU
		{3A7F4EFD-7BC7-478D-980C-8FDD2F7D63B0}.Debug|x64.Build.0 = Debug|Any CPU
		{3A7F4EFD-7BC7-478D-980C-8FDD2F7D63B0}.Debug|x86.ActiveCfg = Debug|Any CPU
		{3A7F4EFD-7BC7-478D-980C-8FDD2F7D63B0}.Debug|x86.Build.0 = Debug|Any CPU
		{3A7F4EFD-7BC7-478D-980C-8FDD2F7D63B0}.Release|Any CPU.ActiveCfg = Release|Any CPU
		{3A7F4EFD-7BC7-478D-980C-8FDD2F7D63B0}.Release|Any CPU.Build.0 = Release|Any CPU
		{3A7F4EFD-7BC7-478D-980C-8FDD2F7D63B0}.Release|x64.ActiveCfg = Release|Any CPU
		{3A7F4EFD-7BC7-478D-980C-8FDD2F7D63B0}.Release|x64.Build.0 = Release|Any CPU
		{3A7F4EFD-7BC7-478D-980C-8FDD2F7D63B0}.Release|x86.ActiveCfg = Release|Any CPU
		{3A7F4EFD-7BC7-478D-980C-8FDD2F7D63B0}.Release|x86.Build.0 = Release|Any CPU
		{B0DD2FEB-18CC-402B-9B75-949291FE3E66}.Debug|Any CPU.ActiveCfg = Debug|Any CPU
		{B0DD2FEB-18CC-402B-9B75-949291FE3E66}.Debug|Any CPU.Build.0 = Debug|Any CPU
		{B0DD2FEB-18CC-402B-9B75-949291FE3E66}.Debug|x64.ActiveCfg = Debug|Any CPU
		{B0DD2FEB-18CC-402B-9B75-949291FE3E66}.Debug|x64.Build.0 = Debug|Any CPU
		{B0DD2FEB-18CC-402B-9B75-949291FE3E66}.Debug|x86.ActiveCfg = Debug|Any CPU
		{B0DD2FEB-18CC-402B-9B75-949291FE3E66}.Debug|x86.Build.0 = Debug|Any CPU
		{B0DD2FEB-18CC-402B-9B75-949291FE3E66}.Release|Any CPU.ActiveCfg = Release|Any CPU
		{B0DD2FEB-18CC-402B-9B75-949291FE3E66}.Release|Any CPU.Build.0 = Release|Any CPU
		{B0DD2FEB-18CC-402B-9B75-949291FE3E66}.Release|x64.ActiveCfg = Release|Any CPU
		{B0DD2FEB-18CC-402B-9B75-949291FE3E66}.Release|x64.Build.0 = Release|Any CPU
		{B0DD2FEB-18CC-402B-9B75-949291FE3E66}.Release|x86.ActiveCfg = Release|Any CPU
		{B0DD2FEB-18CC-402B-9B75-949291FE3E66}.Release|x86.Build.0 = Release|Any CPU
	EndGlobalSection
	GlobalSection(SolutionProperties) = preSolution
		HideSolutionNode = FALSE
	EndGlobalSection
	GlobalSection(NestedProjects) = preSolution
		{0C07B473-3836-4DB3-8B98-F9BC8D53D6D4} = {615CDE64-D796-477C-BB05-4F95659C09C6}
		{B2D41977-33EC-4BB0-A6DF-20CC0BEDB978} = {615CDE64-D796-477C-BB05-4F95659C09C6}
		{EED6A191-CBC3-4C88-9E4B-C437B2BE23D4} = {615CDE64-D796-477C-BB05-4F95659C09C6}
		{3A7F4EFD-7BC7-478D-980C-8FDD2F7D63B0} = {615CDE64-D796-477C-BB05-4F95659C09C6}
		{B0DD2FEB-18CC-402B-9B75-949291FE3E66} = {615CDE64-D796-477C-BB05-4F95659C09C6}
	EndGlobalSection
EndGlobal
